// !$*UTF8*$!
{
	archiveVersion = 1;
	classes = {
	};
	objectVersion = 50;
	objects = {

/* Begin PBXBuildFile section */
		CB19D440217DA3E800B4586F /* Login.storyboard in Resources */ = {isa = PBXBuildFile; fileRef = CB19D43F217DA3E800B4586F /* Login.storyboard */; };
		CB19D44C217DC44900B4586F /* RegistrationPresenter.swift in Sources */ = {isa = PBXBuildFile; fileRef = CB19D446217DC44900B4586F /* RegistrationPresenter.swift */; };
		CB19D44D217DC44900B4586F /* RegistrationWorker.swift in Sources */ = {isa = PBXBuildFile; fileRef = CB19D447217DC44900B4586F /* RegistrationWorker.swift */; };
		CB19D44E217DC44900B4586F /* RegistrationRouter.swift in Sources */ = {isa = PBXBuildFile; fileRef = CB19D448217DC44900B4586F /* RegistrationRouter.swift */; };
		CB19D44F217DC44900B4586F /* RegistrationModels.swift in Sources */ = {isa = PBXBuildFile; fileRef = CB19D449217DC44900B4586F /* RegistrationModels.swift */; };
		CB19D450217DC44900B4586F /* RegistrationViewController.swift in Sources */ = {isa = PBXBuildFile; fileRef = CB19D44A217DC44900B4586F /* RegistrationViewController.swift */; };
		CB19D451217DC44900B4586F /* RegistrationInteractor.swift in Sources */ = {isa = PBXBuildFile; fileRef = CB19D44B217DC44900B4586F /* RegistrationInteractor.swift */; };
		CB19D454217DC47200B4586F /* Registration.storyboard in Resources */ = {isa = PBXBuildFile; fileRef = CB19D453217DC47200B4586F /* Registration.storyboard */; };
		CB49FDB6217DFBFA00BF35C6 /* UINavigationController + Extension.swift in Sources */ = {isa = PBXBuildFile; fileRef = CB49FDB5217DFBFA00BF35C6 /* UINavigationController + Extension.swift */; };
		CB49FDBB217E008A00BF35C6 /* Constants.swift in Sources */ = {isa = PBXBuildFile; fileRef = CB49FDBA217E008A00BF35C6 /* Constants.swift */; };
		CB49FDD8217E62DB00BF35C6 /* Validator.swift in Sources */ = {isa = PBXBuildFile; fileRef = CB49FDD7217E62DB00BF35C6 /* Validator.swift */; };
		CB5F41392179A00C0058293F /* AppDelegate.swift in Sources */ = {isa = PBXBuildFile; fileRef = CB5F41382179A00C0058293F /* AppDelegate.swift */; };
		CB5F41402179A00D0058293F /* Assets.xcassets in Resources */ = {isa = PBXBuildFile; fileRef = CB5F413F2179A00D0058293F /* Assets.xcassets */; };
		CB5F41432179A00D0058293F /* LaunchScreen.storyboard in Resources */ = {isa = PBXBuildFile; fileRef = CB5F41412179A00D0058293F /* LaunchScreen.storyboard */; };
		CB5F41522179A53B0058293F /* LoginPresenter.swift in Sources */ = {isa = PBXBuildFile; fileRef = CB5F414C2179A53B0058293F /* LoginPresenter.swift */; };
		CB5F41532179A53B0058293F /* LoginWorker.swift in Sources */ = {isa = PBXBuildFile; fileRef = CB5F414D2179A53B0058293F /* LoginWorker.swift */; };
		CB5F41542179A53B0058293F /* LoginRouter.swift in Sources */ = {isa = PBXBuildFile; fileRef = CB5F414E2179A53B0058293F /* LoginRouter.swift */; };
		CB5F41552179A53B0058293F /* LoginModels.swift in Sources */ = {isa = PBXBuildFile; fileRef = CB5F414F2179A53B0058293F /* LoginModels.swift */; };
		CB5F41562179A53B0058293F /* LoginViewController.swift in Sources */ = {isa = PBXBuildFile; fileRef = CB5F41502179A53B0058293F /* LoginViewController.swift */; };
		CB5F41572179A53B0058293F /* LoginInteractor.swift in Sources */ = {isa = PBXBuildFile; fileRef = CB5F41512179A53B0058293F /* LoginInteractor.swift */; };
/* End PBXBuildFile section */

/* Begin PBXFileReference section */
		CB19D43F217DA3E800B4586F /* Login.storyboard */ = {isa = PBXFileReference; lastKnownFileType = file.storyboard; path = Login.storyboard; sourceTree = "<group>"; };
		CB19D446217DC44900B4586F /* RegistrationPresenter.swift */ = {isa = PBXFileReference; lastKnownFileType = sourcecode.swift; path = RegistrationPresenter.swift; sourceTree = "<group>"; };
		CB19D447217DC44900B4586F /* RegistrationWorker.swift */ = {isa = PBXFileReference; lastKnownFileType = sourcecode.swift; path = RegistrationWorker.swift; sourceTree = "<group>"; };
		CB19D448217DC44900B4586F /* RegistrationRouter.swift */ = {isa = PBXFileReference; lastKnownFileType = sourcecode.swift; path = RegistrationRouter.swift; sourceTree = "<group>"; };
		CB19D449217DC44900B4586F /* RegistrationModels.swift */ = {isa = PBXFileReference; lastKnownFileType = sourcecode.swift; path = RegistrationModels.swift; sourceTree = "<group>"; };
		CB19D44A217DC44900B4586F /* RegistrationViewController.swift */ = {isa = PBXFileReference; lastKnownFileType = sourcecode.swift; path = RegistrationViewController.swift; sourceTree = "<group>"; };
		CB19D44B217DC44900B4586F /* RegistrationInteractor.swift */ = {isa = PBXFileReference; lastKnownFileType = sourcecode.swift; path = RegistrationInteractor.swift; sourceTree = "<group>"; };
		CB19D453217DC47200B4586F /* Registration.storyboard */ = {isa = PBXFileReference; lastKnownFileType = file.storyboard; path = Registration.storyboard; sourceTree = "<group>"; };
		CB49FDB5217DFBFA00BF35C6 /* UINavigationController + Extension.swift */ = {isa = PBXFileReference; lastKnownFileType = sourcecode.swift; path = "UINavigationController + Extension.swift"; sourceTree = "<group>"; };
		CB49FDBA217E008A00BF35C6 /* Constants.swift */ = {isa = PBXFileReference; lastKnownFileType = sourcecode.swift; path = Constants.swift; sourceTree = "<group>"; };
		CB49FDD7217E62DB00BF35C6 /* Validator.swift */ = {isa = PBXFileReference; lastKnownFileType = sourcecode.swift; path = Validator.swift; sourceTree = "<group>"; };
		CB5F41352179A00C0058293F /* ITISService.app */ = {isa = PBXFileReference; explicitFileType = wrapper.application; includeInIndex = 0; path = ITISService.app; sourceTree = BUILT_PRODUCTS_DIR; };
		CB5F41382179A00C0058293F /* AppDelegate.swift */ = {isa = PBXFileReference; lastKnownFileType = sourcecode.swift; path = AppDelegate.swift; sourceTree = "<group>"; };
		CB5F413F2179A00D0058293F /* Assets.xcassets */ = {isa = PBXFileReference; lastKnownFileType = folder.assetcatalog; path = Assets.xcassets; sourceTree = "<group>"; };
		CB5F41422179A00D0058293F /* Base */ = {isa = PBXFileReference; lastKnownFileType = file.storyboard; name = Base; path = Base.lproj/LaunchScreen.storyboard; sourceTree = "<group>"; };
		CB5F41442179A00D0058293F /* Info.plist */ = {isa = PBXFileReference; lastKnownFileType = text.plist.xml; path = Info.plist; sourceTree = "<group>"; };
		CB5F414C2179A53B0058293F /* LoginPresenter.swift */ = {isa = PBXFileReference; lastKnownFileType = sourcecode.swift; path = LoginPresenter.swift; sourceTree = "<group>"; };
		CB5F414D2179A53B0058293F /* LoginWorker.swift */ = {isa = PBXFileReference; lastKnownFileType = sourcecode.swift; path = LoginWorker.swift; sourceTree = "<group>"; };
		CB5F414E2179A53B0058293F /* LoginRouter.swift */ = {isa = PBXFileReference; lastKnownFileType = sourcecode.swift; path = LoginRouter.swift; sourceTree = "<group>"; };
		CB5F414F2179A53B0058293F /* LoginModels.swift */ = {isa = PBXFileReference; lastKnownFileType = sourcecode.swift; path = LoginModels.swift; sourceTree = "<group>"; };
		CB5F41502179A53B0058293F /* LoginViewController.swift */ = {isa = PBXFileReference; lastKnownFileType = sourcecode.swift; path = LoginViewController.swift; sourceTree = "<group>"; };
		CB5F41512179A53B0058293F /* LoginInteractor.swift */ = {isa = PBXFileReference; lastKnownFileType = sourcecode.swift; path = LoginInteractor.swift; sourceTree = "<group>"; };
/* End PBXFileReference section */

/* Begin PBXFrameworksBuildPhase section */
		CB5F41322179A00C0058293F /* Frameworks */ = {
			isa = PBXFrameworksBuildPhase;
			buildActionMask = 2147483647;
			files = (
			);
			runOnlyForDeploymentPostprocessing = 0;
		};
/* End PBXFrameworksBuildPhase section */

/* Begin PBXGroup section */
		CB19D43E217DA3DD00B4586F /* Storyboard */ = {
			isa = PBXGroup;
			children = (
				CB19D43F217DA3E800B4586F /* Login.storyboard */,
			);
			path = Storyboard;
			sourceTree = "<group>";
		};
		CB19D441217DB13D00B4586F /* Resources */ = {
			isa = PBXGroup;
			children = (
				CB5F413F2179A00D0058293F /* Assets.xcassets */,
			);
			path = Resources;
			sourceTree = "<group>";
		};
		CB19D442217DB14800B4586F /* LaunchScreen */ = {
			isa = PBXGroup;
			children = (
				CB19D443217DB15100B4586F /* Storyboard */,
			);
			path = LaunchScreen;
			sourceTree = "<group>";
		};
		CB19D443217DB15100B4586F /* Storyboard */ = {
			isa = PBXGroup;
			children = (
				CB5F41412179A00D0058293F /* LaunchScreen.storyboard */,
			);
			path = Storyboard;
			sourceTree = "<group>";
		};
		CB19D444217DB15F00B4586F /* Supporting Files */ = {
			isa = PBXGroup;
			children = (
				CB5F41382179A00C0058293F /* AppDelegate.swift */,
				CB5F41442179A00D0058293F /* Info.plist */,
			);
			path = "Supporting Files";
			sourceTree = "<group>";
		};
		CB19D445217DC41700B4586F /* Registration */ = {
			isa = PBXGroup;
			children = (
				CB19D452217DC46500B4586F /* Storyboard */,
				CB19D446217DC44900B4586F /* RegistrationPresenter.swift */,
				CB19D447217DC44900B4586F /* RegistrationWorker.swift */,
				CB19D448217DC44900B4586F /* RegistrationRouter.swift */,
				CB19D449217DC44900B4586F /* RegistrationModels.swift */,
				CB19D44A217DC44900B4586F /* RegistrationViewController.swift */,
				CB19D44B217DC44900B4586F /* RegistrationInteractor.swift */,
			);
			path = Registration;
			sourceTree = "<group>";
		};
		CB19D452217DC46500B4586F /* Storyboard */ = {
			isa = PBXGroup;
			children = (
				CB19D453217DC47200B4586F /* Registration.storyboard */,
			);
			path = Storyboard;
			sourceTree = "<group>";
		};
		CB49FDB3217DFBDA00BF35C6 /* Helpers */ = {
			isa = PBXGroup;
			children = (
				CB49FDB9217E008100BF35C6 /* Common */,
				CB49FDB4217DFBE100BF35C6 /* Extensions */,
			);
			path = Helpers;
			sourceTree = "<group>";
		};
		CB49FDB4217DFBE100BF35C6 /* Extensions */ = {
			isa = PBXGroup;
			children = (
				CB49FDB5217DFBFA00BF35C6 /* UINavigationController + Extension.swift */,
			);
			path = Extensions;
			sourceTree = "<group>";
		};
		CB49FDB9217E008100BF35C6 /* Common */ = {
			isa = PBXGroup;
			children = (
				CB49FDBA217E008A00BF35C6 /* Constants.swift */,
				CB49FDD7217E62DB00BF35C6 /* Validator.swift */,
			);
			path = Common;
			sourceTree = "<group>";
		};
		CB5F412C2179A00C0058293F = {
			isa = PBXGroup;
			children = (
				CB5F41372179A00C0058293F /* ITISService */,
				CB5F41362179A00C0058293F /* Products */,
			);
			sourceTree = "<group>";
		};
		CB5F41362179A00C0058293F /* Products */ = {
			isa = PBXGroup;
			children = (
				CB5F41352179A00C0058293F /* ITISService.app */,
			);
			name = Products;
			sourceTree = "<group>";
		};
		CB5F41372179A00C0058293F /* ITISService */ = {
			isa = PBXGroup;
			children = (
				CB49FDB3217DFBDA00BF35C6 /* Helpers */,
				CB5F414A2179A1510058293F /* Scenes */,
				CB19D441217DB13D00B4586F /* Resources */,
				CB19D444217DB15F00B4586F /* Supporting Files */,
			);
			path = ITISService;
			sourceTree = "<group>";
		};
		CB5F414A2179A1510058293F /* Scenes */ = {
			isa = PBXGroup;
			children = (
				CB19D445217DC41700B4586F /* Registration */,
				CB5F414B2179A15A0058293F /* Login */,
				CB19D442217DB14800B4586F /* LaunchScreen */,
			);
			path = Scenes;
			sourceTree = "<group>";
		};
		CB5F414B2179A15A0058293F /* Login */ = {
			isa = PBXGroup;
			children = (
				CB19D43E217DA3DD00B4586F /* Storyboard */,
				CB5F414C2179A53B0058293F /* LoginPresenter.swift */,
				CB5F414D2179A53B0058293F /* LoginWorker.swift */,
				CB5F414E2179A53B0058293F /* LoginRouter.swift */,
				CB5F414F2179A53B0058293F /* LoginModels.swift */,
				CB5F41502179A53B0058293F /* LoginViewController.swift */,
				CB5F41512179A53B0058293F /* LoginInteractor.swift */,
			);
			path = Login;
			sourceTree = "<group>";
		};
/* End PBXGroup section */

/* Begin PBXNativeTarget section */
		CB5F41342179A00C0058293F /* ITISService */ = {
			isa = PBXNativeTarget;
			buildConfigurationList = CB5F41472179A00D0058293F /* Build configuration list for PBXNativeTarget "ITISService" */;
			buildPhases = (
				CB5F41312179A00C0058293F /* Sources */,
				CB5F41322179A00C0058293F /* Frameworks */,
				CB5F41332179A00C0058293F /* Resources */,
			);
			buildRules = (
			);
			dependencies = (
			);
			name = ITISService;
			productName = ITISService;
			productReference = CB5F41352179A00C0058293F /* ITISService.app */;
			productType = "com.apple.product-type.application";
		};
/* End PBXNativeTarget section */

/* Begin PBXProject section */
		CB5F412D2179A00C0058293F /* Project object */ = {
			isa = PBXProject;
			attributes = {
				LastSwiftUpdateCheck = 1000;
				LastUpgradeCheck = 1000;
				ORGANIZATIONNAME = "Timur Shafigullin";
				TargetAttributes = {
					CB5F41342179A00C0058293F = {
						CreatedOnToolsVersion = 10.0;
					};
				};
			};
			buildConfigurationList = CB5F41302179A00C0058293F /* Build configuration list for PBXProject "ITISService" */;
			compatibilityVersion = "Xcode 9.3";
			developmentRegion = en;
			hasScannedForEncodings = 0;
			knownRegions = (
				en,
				Base,
			);
			mainGroup = CB5F412C2179A00C0058293F;
			productRefGroup = CB5F41362179A00C0058293F /* Products */;
			projectDirPath = "";
			projectRoot = "";
			targets = (
				CB5F41342179A00C0058293F /* ITISService */,
			);
		};
/* End PBXProject section */

/* Begin PBXResourcesBuildPhase section */
		CB5F41332179A00C0058293F /* Resources */ = {
			isa = PBXResourcesBuildPhase;
			buildActionMask = 2147483647;
			files = (
				CB19D440217DA3E800B4586F /* Login.storyboard in Resources */,
				CB19D454217DC47200B4586F /* Registration.storyboard in Resources */,
				CB5F41432179A00D0058293F /* LaunchScreen.storyboard in Resources */,
				CB5F41402179A00D0058293F /* Assets.xcassets in Resources */,
			);
			runOnlyForDeploymentPostprocessing = 0;
		};
/* End PBXResourcesBuildPhase section */

/* Begin PBXSourcesBuildPhase section */
		CB5F41312179A00C0058293F /* Sources */ = {
			isa = PBXSourcesBuildPhase;
			buildActionMask = 2147483647;
			files = (
				CB49FDD8217E62DB00BF35C6 /* Validator.swift in Sources */,
				CB5F41562179A53B0058293F /* LoginViewController.swift in Sources */,
				CB19D44C217DC44900B4586F /* RegistrationPresenter.swift in Sources */,
				CB19D44F217DC44900B4586F /* RegistrationModels.swift in Sources */,
				CB5F41522179A53B0058293F /* LoginPresenter.swift in Sources */,
				CB19D451217DC44900B4586F /* RegistrationInteractor.swift in Sources */,
				CB49FDBB217E008A00BF35C6 /* Constants.swift in Sources */,
				CB5F41392179A00C0058293F /* AppDelegate.swift in Sources */,
				CB5F41572179A53B0058293F /* LoginInteractor.swift in Sources */,
				CB19D450217DC44900B4586F /* RegistrationViewController.swift in Sources */,
				CB5F41552179A53B0058293F /* LoginModels.swift in Sources */,
				CB5F41542179A53B0058293F /* LoginRouter.swift in Sources */,
				CB5F41532179A53B0058293F /* LoginWorker.swift in Sources */,
				CB19D44D217DC44900B4586F /* RegistrationWorker.swift in Sources */,
				CB19D44E217DC44900B4586F /* RegistrationRouter.swift in Sources */,
				CB49FDB6217DFBFA00BF35C6 /* UINavigationController + Extension.swift in Sources */,
			);
			runOnlyForDeploymentPostprocessing = 0;
		};
/* End PBXSourcesBuildPhase section */

/* Begin PBXVariantGroup section */
		CB5F41412179A00D0058293F /* LaunchScreen.storyboard */ = {
			isa = PBXVariantGroup;
			children = (
				CB5F41422179A00D0058293F /* Base */,
			);
			name = LaunchScreen.storyboard;
			sourceTree = "<group>";
		};
/* End PBXVariantGroup section */

/* Begin XCBuildConfiguration section */
		CB5F41452179A00D0058293F /* Debug */ = {
			isa = XCBuildConfiguration;
			buildSettings = {
				ALWAYS_SEARCH_USER_PATHS = NO;
				CLANG_ANALYZER_NONNULL = YES;
				CLANG_ANALYZER_NUMBER_OBJECT_CONVERSION = YES_AGGRESSIVE;
				CLANG_CXX_LANGUAGE_STANDARD = "gnu++14";
				CLANG_CXX_LIBRARY = "libc++";
				CLANG_ENABLE_MODULES = YES;
				CLANG_ENABLE_OBJC_ARC = YES;
				CLANG_ENABLE_OBJC_WEAK = YES;
				CLANG_WARN_BLOCK_CAPTURE_AUTORELEASING = YES;
				CLANG_WARN_BOOL_CONVERSION = YES;
				CLANG_WARN_COMMA = YES;
				CLANG_WARN_CONSTANT_CONVERSION = YES;
				CLANG_WARN_DEPRECATED_OBJC_IMPLEMENTATIONS = YES;
				CLANG_WARN_DIRECT_OBJC_ISA_USAGE = YES_ERROR;
				CLANG_WARN_DOCUMENTATION_COMMENTS = YES;
				CLANG_WARN_EMPTY_BODY = YES;
				CLANG_WARN_ENUM_CONVERSION = YES;
				CLANG_WARN_INFINITE_RECURSION = YES;
				CLANG_WARN_INT_CONVERSION = YES;
				CLANG_WARN_NON_LITERAL_NULL_CONVERSION = YES;
				CLANG_WARN_OBJC_IMPLICIT_RETAIN_SELF = YES;
				CLANG_WARN_OBJC_LITERAL_CONVERSION = YES;
				CLANG_WARN_OBJC_ROOT_CLASS = YES_ERROR;
				CLANG_WARN_RANGE_LOOP_ANALYSIS = YES;
				CLANG_WARN_STRICT_PROTOTYPES = YES;
				CLANG_WARN_SUSPICIOUS_MOVE = YES;
				CLANG_WARN_UNGUARDED_AVAILABILITY = YES_AGGRESSIVE;
				CLANG_WARN_UNREACHABLE_CODE = YES;
				CLANG_WARN__DUPLICATE_METHOD_MATCH = YES;
				CODE_SIGN_IDENTITY = "iPhone Developer";
				COPY_PHASE_STRIP = NO;
				DEBUG_INFORMATION_FORMAT = dwarf;
				ENABLE_STRICT_OBJC_MSGSEND = YES;
				ENABLE_TESTABILITY = YES;
				GCC_C_LANGUAGE_STANDARD = gnu11;
				GCC_DYNAMIC_NO_PIC = NO;
				GCC_NO_COMMON_BLOCKS = YES;
				GCC_OPTIMIZATION_LEVEL = 0;
				GCC_PREPROCESSOR_DEFINITIONS = (
					"DEBUG=1",
					"$(inherited)",
				);
				GCC_WARN_64_TO_32_BIT_CONVERSION = YES;
				GCC_WARN_ABOUT_RETURN_TYPE = YES_ERROR;
				GCC_WARN_UNDECLARED_SELECTOR = YES;
				GCC_WARN_UNINITIALIZED_AUTOS = YES_AGGRESSIVE;
				GCC_WARN_UNUSED_FUNCTION = YES;
				GCC_WARN_UNUSED_VARIABLE = YES;
				IPHONEOS_DEPLOYMENT_TARGET = 12.0;
				MTL_ENABLE_DEBUG_INFO = INCLUDE_SOURCE;
				MTL_FAST_MATH = YES;
				ONLY_ACTIVE_ARCH = YES;
				SDKROOT = iphoneos;
				SWIFT_ACTIVE_COMPILATION_CONDITIONS = DEBUG;
				SWIFT_OPTIMIZATION_LEVEL = "-Onone";
			};
			name = Debug;
		};
		CB5F41462179A00D0058293F /* Release */ = {
			isa = XCBuildConfiguration;
			buildSettings = {
				ALWAYS_SEARCH_USER_PATHS = NO;
				CLANG_ANALYZER_NONNULL = YES;
				CLANG_ANALYZER_NUMBER_OBJECT_CONVERSION = YES_AGGRESSIVE;
				CLANG_CXX_LANGUAGE_STANDARD = "gnu++14";
				CLANG_CXX_LIBRARY = "libc++";
				CLANG_ENABLE_MODULES = YES;
				CLANG_ENABLE_OBJC_ARC = YES;
				CLANG_ENABLE_OBJC_WEAK = YES;
				CLANG_WARN_BLOCK_CAPTURE_AUTORELEASING = YES;
				CLANG_WARN_BOOL_CONVERSION = YES;
				CLANG_WARN_COMMA = YES;
				CLANG_WARN_CONSTANT_CONVERSION = YES;
				CLANG_WARN_DEPRECATED_OBJC_IMPLEMENTATIONS = YES;
				CLANG_WARN_DIRECT_OBJC_ISA_USAGE = YES_ERROR;
				CLANG_WARN_DOCUMENTATION_COMMENTS = YES;
				CLANG_WARN_EMPTY_BODY = YES;
				CLANG_WARN_ENUM_CONVERSION = YES;
				CLANG_WARN_INFINITE_RECURSION = YES;
				CLANG_WARN_INT_CONVERSION = YES;
				CLANG_WARN_NON_LITERAL_NULL_CONVERSION = YES;
				CLANG_WARN_OBJC_IMPLICIT_RETAIN_SELF = YES;
				CLANG_WARN_OBJC_LITERAL_CONVERSION = YES;
				CLANG_WARN_OBJC_ROOT_CLASS = YES_ERROR;
				CLANG_WARN_RANGE_LOOP_ANALYSIS = YES;
				CLANG_WARN_STRICT_PROTOTYPES = YES;
				CLANG_WARN_SUSPICIOUS_MOVE = YES;
				CLANG_WARN_UNGUARDED_AVAILABILITY = YES_AGGRESSIVE;
				CLANG_WARN_UNREACHABLE_CODE = YES;
				CLANG_WARN__DUPLICATE_METHOD_MATCH = YES;
				CODE_SIGN_IDENTITY = "iPhone Developer";
				COPY_PHASE_STRIP = NO;
				DEBUG_INFORMATION_FORMAT = "dwarf-with-dsym";
				ENABLE_NS_ASSERTIONS = NO;
				ENABLE_STRICT_OBJC_MSGSEND = YES;
				GCC_C_LANGUAGE_STANDARD = gnu11;
				GCC_NO_COMMON_BLOCKS = YES;
				GCC_WARN_64_TO_32_BIT_CONVERSION = YES;
				GCC_WARN_ABOUT_RETURN_TYPE = YES_ERROR;
				GCC_WARN_UNDECLARED_SELECTOR = YES;
				GCC_WARN_UNINITIALIZED_AUTOS = YES_AGGRESSIVE;
				GCC_WARN_UNUSED_FUNCTION = YES;
				GCC_WARN_UNUSED_VARIABLE = YES;
				IPHONEOS_DEPLOYMENT_TARGET = 12.0;
				MTL_ENABLE_DEBUG_INFO = NO;
				MTL_FAST_MATH = YES;
				SDKROOT = iphoneos;
				SWIFT_COMPILATION_MODE = wholemodule;
				SWIFT_OPTIMIZATION_LEVEL = "-O";
				VALIDATE_PRODUCT = YES;
			};
			name = Release;
		};
		CB5F41482179A00D0058293F /* Debug */ = {
			isa = XCBuildConfiguration;
			buildSettings = {
				ASSETCATALOG_COMPILER_APPICON_NAME = AppIcon;
				CODE_SIGN_STYLE = Automatic;
				DEVELOPMENT_TEAM = W56K4E4L5F;
				INFOPLIST_FILE = "$(SRCROOT)/ITISService/Supporting Files/Info.plist";
				LD_RUNPATH_SEARCH_PATHS = (
					"$(inherited)",
					"@executable_path/Frameworks",
				);
				PRODUCT_BUNDLE_IDENTIFIER = com.timbaev.ITISService;
				PRODUCT_NAME = "$(TARGET_NAME)";
				SWIFT_VERSION = 4.2;
				TARGETED_DEVICE_FAMILY = "1,2";
			};
			name = Debug;
		};
		CB5F41492179A00D0058293F /* Release */ = {
			isa = XCBuildConfiguration;
			buildSettings = {
				ASSETCATALOG_COMPILER_APPICON_NAME = AppIcon;
				CODE_SIGN_STYLE = Automatic;
				DEVELOPMENT_TEAM = W56K4E4L5F;
				INFOPLIST_FILE = "$(SRCROOT)/ITISService/Supporting Files/Info.plist";
				LD_RUNPATH_SEARCH_PATHS = (
					"$(inherited)",
					"@executable_path/Frameworks",
				);
				PRODUCT_BUNDLE_IDENTIFIER = com.timbaev.ITISService;
				PRODUCT_NAME = "$(TARGET_NAME)";
				SWIFT_VERSION = 4.2;
				TARGETED_DEVICE_FAMILY = "1,2";
			};
			name = Release;
		};
/* End XCBuildConfiguration section */

/* Begin XCConfigurationList section */
		CB5F41302179A00C0058293F /* Build configuration list for PBXProject "ITISService" */ = {
			isa = XCConfigurationList;
			buildConfigurations = (
				CB5F41452179A00D0058293F /* Debug */,
				CB5F41462179A00D0058293F /* Release */,
			);
			defaultConfigurationIsVisible = 0;
			defaultConfigurationName = Release;
		};
		CB5F41472179A00D0058293F /* Build configuration list for PBXNativeTarget "ITISService" */ = {
			isa = XCConfigurationList;
			buildConfigurations = (
				CB5F41482179A00D0058293F /* Debug */,
				CB5F41492179A00D0058293F /* Release */,
			);
			defaultConfigurationIsVisible = 0;
			defaultConfigurationName = Release;
		};
/* End XCConfigurationList section */
	};
	rootObject = CB5F412D2179A00C0058293F /* Project object */;
}
